// !$*UTF8*$!
{
	archiveVersion = 1;
	classes = {
	};
	objectVersion = 50;
	objects = {

/* Begin PBXBuildFile section */
		20EE160021AF7DBD0024B5B7 /* AppDelegate.swift in Sources */ = {isa = PBXBuildFile; fileRef = 20EE15FF21AF7DBD0024B5B7 /* AppDelegate.swift */; };
		20EE160221AF7DBD0024B5B7 /* ViewController.swift in Sources */ = {isa = PBXBuildFile; fileRef = 20EE160121AF7DBD0024B5B7 /* ViewController.swift */; };
		20EE160521AF7DBD0024B5B7 /* Main.storyboard in Resources */ = {isa = PBXBuildFile; fileRef = 20EE160321AF7DBD0024B5B7 /* Main.storyboard */; };
		20EE160721AF7DBE0024B5B7 /* Assets.xcassets in Resources */ = {isa = PBXBuildFile; fileRef = 20EE160621AF7DBE0024B5B7 /* Assets.xcassets */; };
		20EE160A21AF7DBE0024B5B7 /* LaunchScreen.storyboard in Resources */ = {isa = PBXBuildFile; fileRef = 20EE160821AF7DBE0024B5B7 /* LaunchScreen.storyboard */; };
		20EE161C21AF7F3B0024B5B7 /* 3.jpg in Resources */ = {isa = PBXBuildFile; fileRef = 20EE161221AF7F3A0024B5B7 /* 3.jpg */; };
		20EE161D21AF7F3B0024B5B7 /* 7.jpg in Resources */ = {isa = PBXBuildFile; fileRef = 20EE161321AF7F3A0024B5B7 /* 7.jpg */; };
		20EE161E21AF7F3B0024B5B7 /* 5.jpg in Resources */ = {isa = PBXBuildFile; fileRef = 20EE161421AF7F3A0024B5B7 /* 5.jpg */; };
		20EE161F21AF7F3B0024B5B7 /* 1.jpg in Resources */ = {isa = PBXBuildFile; fileRef = 20EE161521AF7F3A0024B5B7 /* 1.jpg */; };
		20EE162021AF7F3B0024B5B7 /* 6.jpg in Resources */ = {isa = PBXBuildFile; fileRef = 20EE161621AF7F3A0024B5B7 /* 6.jpg */; };
		20EE162121AF7F3B0024B5B7 /* 9.jpg in Resources */ = {isa = PBXBuildFile; fileRef = 20EE161721AF7F3A0024B5B7 /* 9.jpg */; };
		20EE162221AF7F3B0024B5B7 /* 10.jpg in Resources */ = {isa = PBXBuildFile; fileRef = 20EE161821AF7F3A0024B5B7 /* 10.jpg */; };
		20EE162321AF7F3B0024B5B7 /* 2.jpg in Resources */ = {isa = PBXBuildFile; fileRef = 20EE161921AF7F3A0024B5B7 /* 2.jpg */; };
		20EE162421AF7F3B0024B5B7 /* 8.jpg in Resources */ = {isa = PBXBuildFile; fileRef = 20EE161A21AF7F3B0024B5B7 /* 8.jpg */; };
		20EE162521AF7F3B0024B5B7 /* 4.jpg in Resources */ = {isa = PBXBuildFile; fileRef = 20EE161B21AF7F3B0024B5B7 /* 4.jpg */; };
/* End PBXBuildFile section */

/* Begin PBXFileReference section */
		20EE15FC21AF7DBD0024B5B7 /* PickerView.app */ = {isa = PBXFileReference; explicitFileType = wrapper.application; includeInIndex = 0; path = PickerView.app; sourceTree = BUILT_PRODUCTS_DIR; };
		20EE15FF21AF7DBD0024B5B7 /* AppDelegate.swift */ = {isa = PBXFileReference; lastKnownFileType = sourcecode.swift; path = AppDelegate.swift; sourceTree = "<group>"; };
		20EE160121AF7DBD0024B5B7 /* ViewController.swift */ = {isa = PBXFileReference; lastKnownFileType = sourcecode.swift; path = ViewController.swift; sourceTree = "<group>"; };
		20EE160421AF7DBD0024B5B7 /* Base */ = {isa = PBXFileReference; lastKnownFileType = file.storyboard; name = Base; path = Base.lproj/Main.storyboard; sourceTree = "<group>"; };
		20EE160621AF7DBE0024B5B7 /* Assets.xcassets */ = {isa = PBXFileReference; lastKnownFileType = folder.assetcatalog; path = Assets.xcassets; sourceTree = "<group>"; };
		20EE160921AF7DBE0024B5B7 /* Base */ = {isa = PBXFileReference; lastKnownFileType = file.storyboard; name = Base; path = Base.lproj/LaunchScreen.storyboard; sourceTree = "<group>"; };
		20EE160B21AF7DBE0024B5B7 /* Info.plist */ = {isa = PBXFileReference; lastKnownFileType = text.plist.xml; path = Info.plist; sourceTree = "<group>"; };
		20EE161221AF7F3A0024B5B7 /* 3.jpg */ = {isa = PBXFileReference; lastKnownFileType = image.jpeg; path = 3.jpg; sourceTree = "<group>"; };
		20EE161321AF7F3A0024B5B7 /* 7.jpg */ = {isa = PBXFileReference; lastKnownFileType = image.jpeg; path = 7.jpg; sourceTree = "<group>"; };
		20EE161421AF7F3A0024B5B7 /* 5.jpg */ = {isa = PBXFileReference; lastKnownFileType = image.jpeg; path = 5.jpg; sourceTree = "<group>"; };
		20EE161521AF7F3A0024B5B7 /* 1.jpg */ = {isa = PBXFileReference; lastKnownFileType = image.jpeg; path = 1.jpg; sourceTree = "<group>"; };
		20EE161621AF7F3A0024B5B7 /* 6.jpg */ = {isa = PBXFileReference; lastKnownFileType = image.jpeg; path = 6.jpg; sourceTree = "<group>"; };
		20EE161721AF7F3A0024B5B7 /* 9.jpg */ = {isa = PBXFileReference; lastKnownFileType = image.jpeg; path = 9.jpg; sourceTree = "<group>"; };
		20EE161821AF7F3A0024B5B7 /* 10.jpg */ = {isa = PBXFileReference; lastKnownFileType = image.jpeg; path = 10.jpg; sourceTree = "<group>"; };
		20EE161921AF7F3A0024B5B7 /* 2.jpg */ = {isa = PBXFileReference; lastKnownFileType = image.jpeg; path = 2.jpg; sourceTree = "<group>"; };
		20EE161A21AF7F3B0024B5B7 /* 8.jpg */ = {isa = PBXFileReference; lastKnownFileType = image.jpeg; path = 8.jpg; sourceTree = "<group>"; };
		20EE161B21AF7F3B0024B5B7 /* 4.jpg */ = {isa = PBXFileReference; lastKnownFileType = image.jpeg; path = 4.jpg; sourceTree = "<group>"; };
/* End PBXFileReference section */

/* Begin PBXFrameworksBuildPhase section */
		20EE15F921AF7DBD0024B5B7 /* Frameworks */ = {
			isa = PBXFrameworksBuildPhase;
			buildActionMask = 2147483647;
			files = (
			);
			runOnlyForDeploymentPostprocessing = 0;
		};
/* End PBXFrameworksBuildPhase section */

/* Begin PBXGroup section */
		20EE15F321AF7DBD0024B5B7 = {
			isa = PBXGroup;
			children = (
				20EE15FE21AF7DBD0024B5B7 /* PickerView */,
				20EE15FD21AF7DBD0024B5B7 /* Products */,
			);
			sourceTree = "<group>";
		};
		20EE15FD21AF7DBD0024B5B7 /* Products */ = {
			isa = PBXGroup;
			children = (
				20EE15FC21AF7DBD0024B5B7 /* PickerView.app */,
			);
			name = Products;
			sourceTree = "<group>";
		};
		20EE15FE21AF7DBD0024B5B7 /* PickerView */ = {
			isa = PBXGroup;
			children = (
				20EE161121AF7E100024B5B7 /* images */,
				20EE15FF21AF7DBD0024B5B7 /* AppDelegate.swift */,
				20EE160121AF7DBD0024B5B7 /* ViewController.swift */,
				20EE160321AF7DBD0024B5B7 /* Main.storyboard */,
				20EE160621AF7DBE0024B5B7 /* Assets.xcassets */,
				20EE160821AF7DBE0024B5B7 /* LaunchScreen.storyboard */,
				20EE160B21AF7DBE0024B5B7 /* Info.plist */,
			);
			path = PickerView;
			sourceTree = "<group>";
		};
		20EE161121AF7E100024B5B7 /* images */ = {
			isa = PBXGroup;
			children = (
				20EE161521AF7F3A0024B5B7 /* 1.jpg */,
				20EE161921AF7F3A0024B5B7 /* 2.jpg */,
				20EE161221AF7F3A0024B5B7 /* 3.jpg */,
				20EE161B21AF7F3B0024B5B7 /* 4.jpg */,
				20EE161421AF7F3A0024B5B7 /* 5.jpg */,
				20EE161621AF7F3A0024B5B7 /* 6.jpg */,
				20EE161321AF7F3A0024B5B7 /* 7.jpg */,
				20EE161A21AF7F3B0024B5B7 /* 8.jpg */,
				20EE161721AF7F3A0024B5B7 /* 9.jpg */,
				20EE161821AF7F3A0024B5B7 /* 10.jpg */,
			);
			path = images;
			sourceTree = "<group>";
		};
/* End PBXGroup section */

/* Begin PBXNativeTarget section */
		20EE15FB21AF7DBD0024B5B7 /* PickerView */ = {
			isa = PBXNativeTarget;
			buildConfigurationList = 20EE160E21AF7DBE0024B5B7 /* Build configuration list for PBXNativeTarget "PickerView" */;
			buildPhases = (
				20EE15F821AF7DBD0024B5B7 /* Sources */,
				20EE15F921AF7DBD0024B5B7 /* Frameworks */,
				20EE15FA21AF7DBD0024B5B7 /* Resources */,
			);
			buildRules = (
			);
			dependencies = (
			);
			name = PickerView;
			productName = PickerView;
			productReference = 20EE15FC21AF7DBD0024B5B7 /* PickerView.app */;
			productType = "com.apple.product-type.application";
		};
/* End PBXNativeTarget section */

/* Begin PBXProject section */
		20EE15F421AF7DBD0024B5B7 /* Project object */ = {
			isa = PBXProject;
			attributes = {
				LastSwiftUpdateCheck = 1010;
				LastUpgradeCheck = 1010;
				ORGANIZATIONNAME = VincentGeranium;
				TargetAttributes = {
					20EE15FB21AF7DBD0024B5B7 = {
						CreatedOnToolsVersion = 10.1;
					};
				};
			};
			buildConfigurationList = 20EE15F721AF7DBD0024B5B7 /* Build configuration list for PBXProject "PickerView" */;
			compatibilityVersion = "Xcode 9.3";
			developmentRegion = en;
			hasScannedForEncodings = 0;
			knownRegions = (
				en,
				Base,
			);
			mainGroup = 20EE15F321AF7DBD0024B5B7;
			productRefGroup = 20EE15FD21AF7DBD0024B5B7 /* Products */;
			projectDirPath = "";
			projectRoot = "";
			targets = (
				20EE15FB21AF7DBD0024B5B7 /* PickerView */,
			);
		};
/* End PBXProject section */

/* Begin PBXResourcesBuildPhase section */
		20EE15FA21AF7DBD0024B5B7 /* Resources */ = {
			isa = PBXResourcesBuildPhase;
			buildActionMask = 2147483647;
			files = (
				20EE162421AF7F3B0024B5B7 /* 8.jpg in Resources */,
				20EE162321AF7F3B0024B5B7 /* 2.jpg in Resources */,
				20EE162221AF7F3B0024B5B7 /* 10.jpg in Resources */,
				20EE162121AF7F3B0024B5B7 /* 9.jpg in Resources */,
				20EE160A21AF7DBE0024B5B7 /* LaunchScreen.storyboard in Resources */,
				20EE160721AF7DBE0024B5B7 /* Assets.xcassets in Resources */,
				20EE162021AF7F3B0024B5B7 /* 6.jpg in Resources */,
				20EE161D21AF7F3B0024B5B7 /* 7.jpg in Resources */,
				20EE161E21AF7F3B0024B5B7 /* 5.jpg in Resources */,
				20EE160521AF7DBD0024B5B7 /* Main.storyboard in Resources */,
				20EE161C21AF7F3B0024B5B7 /* 3.jpg in Resources */,
				20EE161F21AF7F3B0024B5B7 /* 1.jpg in Resources */,
				20EE162521AF7F3B0024B5B7 /* 4.jpg in Resources */,
			);
			runOnlyForDeploymentPostprocessing = 0;
		};
/* End PBXResourcesBuildPhase section */

/* Begin PBXSourcesBuildPhase section */
		20EE15F821AF7DBD0024B5B7 /* Sources */ = {
			isa = PBXSourcesBuildPhase;
			buildActionMask = 2147483647;
			files = (
				20EE160221AF7DBD0024B5B7 /* ViewController.swift in Sources */,
				20EE160021AF7DBD0024B5B7 /* AppDelegate.swift in Sources */,
			);
			runOnlyForDeploymentPostprocessing = 0;
		};
/* End PBXSourcesBuildPhase section */

/* Begin PBXVariantGroup section */
		20EE160321AF7DBD0024B5B7 /* Main.storyboard */ = {
			isa = PBXVariantGroup;
			children = (
				20EE160421AF7DBD0024B5B7 /* Base */,
			);
			name = Main.storyboard;
			sourceTree = "<group>";
		};
		20EE160821AF7DBE0024B5B7 /* LaunchScreen.storyboard */ = {
			isa = PBXVariantGroup;
			children = (
				20EE160921AF7DBE0024B5B7 /* Base */,
			);
			name = LaunchScreen.storyboard;
			sourceTree = "<group>";
		};
/* End PBXVariantGroup section */

/* Begin XCBuildConfiguration section */
		20EE160C21AF7DBE0024B5B7 /* Debug */ = {
			isa = XCBuildConfiguration;
			buildSettings = {
				ALWAYS_SEARCH_USER_PATHS = NO;
				CLANG_ANALYZER_NONNULL = YES;
				CLANG_ANALYZER_NUMBER_OBJECT_CONVERSION = YES_AGGRESSIVE;
				CLANG_CXX_LANGUAGE_STANDARD = "gnu++14";
				CLANG_CXX_LIBRARY = "libc++";
				CLANG_ENABLE_MODULES = YES;
				CLANG_ENABLE_OBJC_ARC = YES;
				CLANG_ENABLE_OBJC_WEAK = YES;
				CLANG_WARN_BLOCK_CAPTURE_AUTORELEASING = YES;
				CLANG_WARN_BOOL_CONVERSION = YES;
				CLANG_WARN_COMMA = YES;
				CLANG_WARN_CONSTANT_CONVERSION = YES;
				CLANG_WARN_DEPRECATED_OBJC_IMPLEMENTATIONS = YES;
				CLANG_WARN_DIRECT_OBJC_ISA_USAGE = YES_ERROR;
				CLANG_WARN_DOCUMENTATION_COMMENTS = YES;
				CLANG_WARN_EMPTY_BODY = YES;
				CLANG_WARN_ENUM_CONVERSION = YES;
				CLANG_WARN_INFINITE_RECURSION = YES;
				CLANG_WARN_INT_CONVERSION = YES;
				CLANG_WARN_NON_LITERAL_NULL_CONVERSION = YES;
				CLANG_WARN_OBJC_IMPLICIT_RETAIN_SELF = YES;
				CLANG_WARN_OBJC_LITERAL_CONVERSION = YES;
				CLANG_WARN_OBJC_ROOT_CLASS = YES_ERROR;
				CLANG_WARN_RANGE_LOOP_ANALYSIS = YES;
				CLANG_WARN_STRICT_PROTOTYPES = YES;
				CLANG_WARN_SUSPICIOUS_MOVE = YES;
				CLANG_WARN_UNGUARDED_AVAILABILITY = YES_AGGRESSIVE;
				CLANG_WARN_UNREACHABLE_CODE = YES;
				CLANG_WARN__DUPLICATE_METHOD_MATCH = YES;
				CODE_SIGN_IDENTITY = "iPhone Developer";
				COPY_PHASE_STRIP = NO;
				DEBUG_INFORMATION_FORMAT = dwarf;
				ENABLE_STRICT_OBJC_MSGSEND = YES;
				ENABLE_TESTABILITY = YES;
				GCC_C_LANGUAGE_STANDARD = gnu11;
				GCC_DYNAMIC_NO_PIC = NO;
				GCC_NO_COMMON_BLOCKS = YES;
				GCC_OPTIMIZATION_LEVEL = 0;
				GCC_PREPROCESSOR_DEFINITIONS = (
					"DEBUG=1",
					"$(inherited)",
				);
				GCC_WARN_64_TO_32_BIT_CONVERSION = YES;
				GCC_WARN_ABOUT_RETURN_TYPE = YES_ERROR;
				GCC_WARN_UNDECLARED_SELECTOR = YES;
				GCC_WARN_UNINITIALIZED_AUTOS = YES_AGGRESSIVE;
				GCC_WARN_UNUSED_FUNCTION = YES;
				GCC_WARN_UNUSED_VARIABLE = YES;
				IPHONEOS_DEPLOYMENT_TARGET = 12.1;
				MTL_ENABLE_DEBUG_INFO = INCLUDE_SOURCE;
				MTL_FAST_MATH = YES;
				ONLY_ACTIVE_ARCH = YES;
				SDKROOT = iphoneos;
				SWIFT_ACTIVE_COMPILATION_CONDITIONS = DEBUG;
				SWIFT_OPTIMIZATION_LEVEL = "-Onone";
			};
			name = Debug;
		};
		20EE160D21AF7DBE0024B5B7 /* Release */ = {
			isa = XCBuildConfiguration;
			buildSettings = {
				ALWAYS_SEARCH_USER_PATHS = NO;
				CLANG_ANALYZER_NONNULL = YES;
				CLANG_ANALYZER_NUMBER_OBJECT_CONVERSION = YES_AGGRESSIVE;
				CLANG_CXX_LANGUAGE_STANDARD = "gnu++14";
				CLANG_CXX_LIBRARY = "libc++";
				CLANG_ENABLE_MODULES = YES;
				CLANG_ENABLE_OBJC_ARC = YES;
				CLANG_ENABLE_OBJC_WEAK = YES;
				CLANG_WARN_BLOCK_CAPTURE_AUTORELEASING = YES;
				CLANG_WARN_BOOL_CONVERSION = YES;
				CLANG_WARN_COMMA = YES;
				CLANG_WARN_CONSTANT_CONVERSION = YES;
				CLANG_WARN_DEPRECATED_OBJC_IMPLEMENTATIONS = YES;
				CLANG_WARN_DIRECT_OBJC_ISA_USAGE = YES_ERROR;
				CLANG_WARN_DOCUMENTATION_COMMENTS = YES;
				CLANG_WARN_EMPTY_BODY = YES;
				CLANG_WARN_ENUM_CONVERSION = YES;
				CLANG_WARN_INFINITE_RECURSION = YES;
				CLANG_WARN_INT_CONVERSION = YES;
				CLANG_WARN_NON_LITERAL_NULL_CONVERSION = YES;
				CLANG_WARN_OBJC_IMPLICIT_RETAIN_SELF = YES;
				CLANG_WARN_OBJC_LITERAL_CONVERSION = YES;
				CLANG_WARN_OBJC_ROOT_CLASS = YES_ERROR;
				CLANG_WARN_RANGE_LOOP_ANALYSIS = YES;
				CLANG_WARN_STRICT_PROTOTYPES = YES;
				CLANG_WARN_SUSPICIOUS_MOVE = YES;
				CLANG_WARN_UNGUARDED_AVAILABILITY = YES_AGGRESSIVE;
				CLANG_WARN_UNREACHABLE_CODE = YES;
				CLANG_WARN__DUPLICATE_METHOD_MATCH = YES;
				CODE_SIGN_IDENTITY = "iPhone Developer";
				COPY_PHASE_STRIP = NO;
				DEBUG_INFORMATION_FORMAT = "dwarf-with-dsym";
				ENABLE_NS_ASSERTIONS = NO;
				ENABLE_STRICT_OBJC_MSGSEND = YES;
				GCC_C_LANGUAGE_STANDARD = gnu11;
				GCC_NO_COMMON_BLOCKS = YES;
				GCC_WARN_64_TO_32_BIT_CONVERSION = YES;
				GCC_WARN_ABOUT_RETURN_TYPE = YES_ERROR;
				GCC_WARN_UNDECLARED_SELECTOR = YES;
				GCC_WARN_UNINITIALIZED_AUTOS = YES_AGGRESSIVE;
				GCC_WARN_UNUSED_FUNCTION = YES;
				GCC_WARN_UNUSED_VARIABLE = YES;
				IPHONEOS_DEPLOYMENT_TARGET = 12.1;
				MTL_ENABLE_DEBUG_INFO = NO;
				MTL_FAST_MATH = YES;
				SDKROOT = iphoneos;
				SWIFT_COMPILATION_MODE = wholemodule;
				SWIFT_OPTIMIZATION_LEVEL = "-O";
				VALIDATE_PRODUCT = YES;
			};
			name = Release;
		};
		20EE160F21AF7DBE0024B5B7 /* Debug */ = {
			isa = XCBuildConfiguration;
			buildSettings = {
				ASSETCATALOG_COMPILER_APPICON_NAME = AppIcon;
				CODE_SIGN_STYLE = Automatic;
				INFOPLIST_FILE = PickerView/Info.plist;
				LD_RUNPATH_SEARCH_PATHS = (
					"$(inherited)",
					"@executable_path/Frameworks",
				);
				PRODUCT_BUNDLE_IDENTIFIER = "VincentGeranium-com.PickerView";
				PRODUCT_NAME = "$(TARGET_NAME)";
				SWIFT_VERSION = 4.2;
				TARGETED_DEVICE_FAMILY = 1;
			};
			name = Debug;
		};
		20EE161021AF7DBE0024B5B7 /* Release */ = {
			isa = XCBuildConfiguration;
			buildSettings = {
				ASSETCATALOG_COMPILER_APPICON_NAME = AppIcon;
				CODE_SIGN_STYLE = Automatic;
				INFOPLIST_FILE = PickerView/Info.plist;
				LD_RUNPATH_SEARCH_PATHS = (
					"$(inherited)",
					"@executable_path/Frameworks",
				);
				PRODUCT_BUNDLE_IDENTIFIER = "VincentGeranium-com.PickerView";
				PRODUCT_NAME = "$(TARGET_NAME)";
				SWIFT_VERSION = 4.2;
				TARGETED_DEVICE_FAMILY = 1;
			};
			name = Release;
		};
/* End XCBuildConfiguration section */

/* Begin XCConfigurationList section */
		20EE15F721AF7DBD0024B5B7 /* Build configuration list for PBXProject "PickerView" */ = {
			isa = XCConfigurationList;
			buildConfigurations = (
				20EE160C21AF7DBE0024B5B7 /* Debug */,
				20EE160D21AF7DBE0024B5B7 /* Release */,
			);
			defaultConfigurationIsVisible = 0;
			defaultConfigurationName = Release;
		};
		20EE160E21AF7DBE0024B5B7 /* Build configuration list for PBXNativeTarget "PickerView" */ = {
			isa = XCConfigurationList;
			buildConfigurations = (
				20EE160F21AF7DBE0024B5B7 /* Debug */,
				20EE161021AF7DBE0024B5B7 /* Release */,
			);
			defaultConfigurationIsVisible = 0;
			defaultConfigurationName = Release;
		};
/* End XCConfigurationList section */
	};
	rootObject = 20EE15F421AF7DBD0024B5B7 /* Project object */;
}
